
Microsoft Visual Studio Solution File, Format Version 12.00
# Visual Studio Version 17
VisualStudioVersion = 17.11.35431.28
MinimumVisualStudioVersion = 10.0.40219.1
Project("{9A19103F-16F7-4668-BE54-9A1E7A4F7556}") = "Day01", "src\Day01\Day01.csproj", "{296E6B26-99EC-42C0-924B-550C306B2B5E}"
EndProject
Project("{9A19103F-16F7-4668-BE54-9A1E7A4F7556}") = "Day02", "src\Day02\Day02.csproj", "{C4E822E2-A3BA-4BC0-8509-30EFF9E8F8DE}"
EndProject
Project("{9A19103F-16F7-4668-BE54-9A1E7A4F7556}") = "Day03", "src\Day03\Day03.csproj", "{11AAE4AE-3B01-4EC3-BC69-AE68E7AA10B1}"
EndProject
Project("{FAE04EC0-301F-11D3-BF4B-00C04F79EFBC}") = "Day04", "src\Day04\Day04.csproj", "{C84875A1-30E6-4457-AC3E-9D7FD696CEEB}"
EndProject
Project("{FAE04EC0-301F-11D3-BF4B-00C04F79EFBC}") = "Day05", "src\Day05\Day05.csproj", "{ACB9B31D-60D6-4FF9-B2F0-EB236B51AA21}"
EndProject
Global
	GlobalSection(SolutionConfigurationPlatforms) = preSolution
		Debug|Any CPU = Debug|Any CPU
		Release|Any CPU = Release|Any CPU
	EndGlobalSection
	GlobalSection(ProjectConfigurationPlatforms) = postSolution
		{296E6B26-99EC-42C0-924B-550C306B2B5E}.Debug|Any CPU.ActiveCfg = Debug|Any CPU
		{296E6B26-99EC-42C0-924B-550C306B2B5E}.Debug|Any CPU.Build.0 = Debug|Any CPU
		{296E6B26-99EC-42C0-924B-550C306B2B5E}.Release|Any CPU.ActiveCfg = Release|Any CPU
		{296E6B26-99EC-42C0-924B-550C306B2B5E}.Release|Any CPU.Build.0 = Release|Any CPU
		{C4E822E2-A3BA-4BC0-8509-30EFF9E8F8DE}.Debug|Any CPU.ActiveCfg = Debug|Any CPU
		{C4E822E2-A3BA-4BC0-8509-30EFF9E8F8DE}.Debug|Any CPU.Build.0 = Debug|Any CPU
		{C4E822E2-A3BA-4BC0-8509-30EFF9E8F8DE}.Release|Any CPU.ActiveCfg = Release|Any CPU
		{C4E822E2-A3BA-4BC0-8509-30EFF9E8F8DE}.Release|Any CPU.Build.0 = Release|Any CPU
		{11AAE4AE-3B01-4EC3-BC69-AE68E7AA10B1}.Debug|Any CPU.ActiveCfg = Debug|Any CPU
		{11AAE4AE-3B01-4EC3-BC69-AE68E7AA10B1}.Debug|Any CPU.Build.0 = Debug|Any CPU
		{11AAE4AE-3B01-4EC3-BC69-AE68E7AA10B1}.Release|Any CPU.ActiveCfg = Release|Any CPU
		{11AAE4AE-3B01-4EC3-BC69-AE68E7AA10B1}.Release|Any CPU.Build.0 = Release|Any CPU
		{C84875A1-30E6-4457-AC3E-9D7FD696CEEB}.Debug|Any CPU.ActiveCfg = Debug|Any CPU
		{C84875A1-30E6-4457-AC3E-9D7FD696CEEB}.Debug|Any CPU.Build.0 = Debug|Any CPU
		{C84875A1-30E6-4457-AC3E-9D7FD696CEEB}.Release|Any CPU.ActiveCfg = Release|Any CPU
		{C84875A1-30E6-4457-AC3E-9D7FD696CEEB}.Release|Any CPU.Build.0 = Release|Any CPU
		{ACB9B31D-60D6-4FF9-B2F0-EB236B51AA21}.Debug|Any CPU.ActiveCfg = Debug|Any CPU
		{ACB9B31D-60D6-4FF9-B2F0-EB236B51AA21}.Debug|Any CPU.Build.0 = Debug|Any CPU
		{ACB9B31D-60D6-4FF9-B2F0-EB236B51AA21}.Release|Any CPU.ActiveCfg = Release|Any CPU
		{ACB9B31D-60D6-4FF9-B2F0-EB236B51AA21}.Release|Any CPU.Build.0 = Release|Any CPU
	EndGlobalSection
	GlobalSection(SolutionProperties) = preSolution
		HideSolutionNode = FALSE
	EndGlobalSection
	GlobalSection(ExtensibilityGlobals) = postSolution
		SolutionGuid = {D5F99DF5-1D8C-4BD2-8638-7255FFED002E}
	EndGlobalSection
EndGlobal
