
Microsoft Visual Studio Solution File, Format Version 12.00
# Visual Studio Version 17
VisualStudioVersion = 17.11.35431.28
MinimumVisualStudioVersion = 10.0.40219.1
Project("{9A19103F-16F7-4668-BE54-9A1E7A4F7556}") = "Day01", "src\Day01\Day01.csproj", "{296E6B26-99EC-42C0-924B-550C306B2B5E}"
EndProject
Project("{9A19103F-16F7-4668-BE54-9A1E7A4F7556}") = "Day02", "src\Day02\Day02.csproj", "{C4E822E2-A3BA-4BC0-8509-30EFF9E8F8DE}"
EndProject
Project("{9A19103F-16F7-4668-BE54-9A1E7A4F7556}") = "Day03", "src\Day03\Day03.csproj", "{11AAE4AE-3B01-4EC3-BC69-AE68E7AA10B1}"
EndProject
Project("{9A19103F-16F7-4668-BE54-9A1E7A4F7556}") = "Day04", "src\Day04\Day04.csproj", "{C84875A1-30E6-4457-AC3E-9D7FD696CEEB}"
EndProject
Project("{9A19103F-16F7-4668-BE54-9A1E7A4F7556}") = "Day05", "src\Day05\Day05.csproj", "{ACB9B31D-60D6-4FF9-B2F0-EB236B51AA21}"
EndProject
Project("{9A19103F-16F7-4668-BE54-9A1E7A4F7556}") = "Day06", "src\Day06\Day06.csproj", "{0C995289-7C4D-4153-A0D2-27A890BA9A16}"
EndProject
Project("{9A19103F-16F7-4668-BE54-9A1E7A4F7556}") = "Day07", "src\Day07\Day07.csproj", "{E1714201-0D83-4792-94C0-1F1EF66C81CB}"
EndProject
Project("{9A19103F-16F7-4668-BE54-9A1E7A4F7556}") = "Day08", "src\Day08\Day08.csproj", "{B49A9BB4-C080-44AE-94C1-86908C6B317C}"
EndProject
Project("{9A19103F-16F7-4668-BE54-9A1E7A4F7556}") = "Day09", "src\Day09\Day09.csproj", "{EDDAC884-0CED-4205-84D4-414F40AC4CBA}"
EndProject
Project("{9A19103F-16F7-4668-BE54-9A1E7A4F7556}") = "Day10", "src\Day10\Day10.csproj", "{8AB54540-0239-452C-9675-E287F65AAA59}"
EndProject
Project("{FAE04EC0-301F-11D3-BF4B-00C04F79EFBC}") = "Day11", "src\Day11\Day11.csproj", "{6F25B48B-72B9-459F-9E6F-D8EA19B956C9}"
EndProject
Project("{FAE04EC0-301F-11D3-BF4B-00C04F79EFBC}") = "Day12", "src\Day12\Day12.csproj", "{4CBC65F3-20C7-405F-8DEA-E5C44570E0B8}"
EndProject
Project("{FAE04EC0-301F-11D3-BF4B-00C04F79EFBC}") = "Day13", "src\Day13\Day13.csproj", "{F47FD7BA-A2E7-461E-8523-2467BEEC782B}"
EndProject
Project("{FAE04EC0-301F-11D3-BF4B-00C04F79EFBC}") = "Day14", "src\Day14\Day14.csproj", "{90B99F82-1F58-4269-AB60-316F73F68519}"
EndProject
Project("{FAE04EC0-301F-11D3-BF4B-00C04F79EFBC}") = "Day15", "src\Day15\Day15.csproj", "{5EEB9A18-BF62-441B-BAB1-2D922E1CAF75}"
EndProject
Project("{FAE04EC0-301F-11D3-BF4B-00C04F79EFBC}") = "Day16", "src\Day16\Day16.csproj", "{B74DA5E9-8EB0-4346-97AF-1089CA76D625}"
EndProject
Project("{FAE04EC0-301F-11D3-BF4B-00C04F79EFBC}") = "Day19", "src\Day19\Day19.csproj", "{81CB8401-4910-4BCF-BDF7-9B1BA1AEFB69}"
EndProject
Project("{FAE04EC0-301F-11D3-BF4B-00C04F79EFBC}") = "Day18", "src\Day18\Day18.csproj", "{E89B4B2A-8245-4284-A967-D1F24E6FCB4A}"
EndProject
Project("{FAE04EC0-301F-11D3-BF4B-00C04F79EFBC}") = "Day20", "src\Day20\Day20.csproj", "{276F47AE-D8B6-4152-92CF-AF5A74EA415A}"
EndProject
Project("{FAE04EC0-301F-11D3-BF4B-00C04F79EFBC}") = "Day17", "src\Day17\Day17.csproj", "{21A6BDDF-4BB9-46CD-B983-1A2E9CE5105D}"
EndProject
Project("{FAE04EC0-301F-11D3-BF4B-00C04F79EFBC}") = "Day21", "src\Day21\Day21.csproj", "{A0C3D3AF-BD5F-4B6C-AF7C-FD7BC2893C55}"
EndProject
Project("{FAE04EC0-301F-11D3-BF4B-00C04F79EFBC}") = "Day22", "src\Day22\Day22.csproj", "{7A531D49-8468-4C73-8E1C-065E99980655}"
EndProject
Project("{FAE04EC0-301F-11D3-BF4B-00C04F79EFBC}") = "Day23", "src\Day23\Day23.csproj", "{B65FAF0D-B9D3-4EEF-B219-E425F824B351}"
EndProject
Project("{FAE04EC0-301F-11D3-BF4B-00C04F79EFBC}") = "Day24", "src\Day24\Day24.csproj", "{5B1F194D-65F9-4DCB-83A5-DE45D303A09A}"
EndProject
Global
	GlobalSection(SolutionConfigurationPlatforms) = preSolution
		Debug|Any CPU = Debug|Any CPU
		Release|Any CPU = Release|Any CPU
	EndGlobalSection
	GlobalSection(ProjectConfigurationPlatforms) = postSolution
		{296E6B26-99EC-42C0-924B-550C306B2B5E}.Debug|Any CPU.ActiveCfg = Debug|Any CPU
		{296E6B26-99EC-42C0-924B-550C306B2B5E}.Debug|Any CPU.Build.0 = Debug|Any CPU
		{296E6B26-99EC-42C0-924B-550C306B2B5E}.Release|Any CPU.ActiveCfg = Release|Any CPU
		{296E6B26-99EC-42C0-924B-550C306B2B5E}.Release|Any CPU.Build.0 = Release|Any CPU
		{C4E822E2-A3BA-4BC0-8509-30EFF9E8F8DE}.Debug|Any CPU.ActiveCfg = Debug|Any CPU
		{C4E822E2-A3BA-4BC0-8509-30EFF9E8F8DE}.Debug|Any CPU.Build.0 = Debug|Any CPU
		{C4E822E2-A3BA-4BC0-8509-30EFF9E8F8DE}.Release|Any CPU.ActiveCfg = Release|Any CPU
		{C4E822E2-A3BA-4BC0-8509-30EFF9E8F8DE}.Release|Any CPU.Build.0 = Release|Any CPU
		{11AAE4AE-3B01-4EC3-BC69-AE68E7AA10B1}.Debug|Any CPU.ActiveCfg = Debug|Any CPU
		{11AAE4AE-3B01-4EC3-BC69-AE68E7AA10B1}.Debug|Any CPU.Build.0 = Debug|Any CPU
		{11AAE4AE-3B01-4EC3-BC69-AE68E7AA10B1}.Release|Any CPU.ActiveCfg = Release|Any CPU
		{11AAE4AE-3B01-4EC3-BC69-AE68E7AA10B1}.Release|Any CPU.Build.0 = Release|Any CPU
		{C84875A1-30E6-4457-AC3E-9D7FD696CEEB}.Debug|Any CPU.ActiveCfg = Debug|Any CPU
		{C84875A1-30E6-4457-AC3E-9D7FD696CEEB}.Debug|Any CPU.Build.0 = Debug|Any CPU
		{C84875A1-30E6-4457-AC3E-9D7FD696CEEB}.Release|Any CPU.ActiveCfg = Release|Any CPU
		{C84875A1-30E6-4457-AC3E-9D7FD696CEEB}.Release|Any CPU.Build.0 = Release|Any CPU
		{ACB9B31D-60D6-4FF9-B2F0-EB236B51AA21}.Debug|Any CPU.ActiveCfg = Debug|Any CPU
		{ACB9B31D-60D6-4FF9-B2F0-EB236B51AA21}.Debug|Any CPU.Build.0 = Debug|Any CPU
		{ACB9B31D-60D6-4FF9-B2F0-EB236B51AA21}.Release|Any CPU.ActiveCfg = Release|Any CPU
		{ACB9B31D-60D6-4FF9-B2F0-EB236B51AA21}.Release|Any CPU.Build.0 = Release|Any CPU
		{0C995289-7C4D-4153-A0D2-27A890BA9A16}.Debug|Any CPU.ActiveCfg = Debug|Any CPU
		{0C995289-7C4D-4153-A0D2-27A890BA9A16}.Debug|Any CPU.Build.0 = Debug|Any CPU
		{0C995289-7C4D-4153-A0D2-27A890BA9A16}.Release|Any CPU.ActiveCfg = Release|Any CPU
		{0C995289-7C4D-4153-A0D2-27A890BA9A16}.Release|Any CPU.Build.0 = Release|Any CPU
		{E1714201-0D83-4792-94C0-1F1EF66C81CB}.Debug|Any CPU.ActiveCfg = Debug|Any CPU
		{E1714201-0D83-4792-94C0-1F1EF66C81CB}.Debug|Any CPU.Build.0 = Debug|Any CPU
		{E1714201-0D83-4792-94C0-1F1EF66C81CB}.Release|Any CPU.ActiveCfg = Release|Any CPU
		{E1714201-0D83-4792-94C0-1F1EF66C81CB}.Release|Any CPU.Build.0 = Release|Any CPU
		{B49A9BB4-C080-44AE-94C1-86908C6B317C}.Debug|Any CPU.ActiveCfg = Debug|Any CPU
		{B49A9BB4-C080-44AE-94C1-86908C6B317C}.Debug|Any CPU.Build.0 = Debug|Any CPU
		{B49A9BB4-C080-44AE-94C1-86908C6B317C}.Release|Any CPU.ActiveCfg = Release|Any CPU
		{B49A9BB4-C080-44AE-94C1-86908C6B317C}.Release|Any CPU.Build.0 = Release|Any CPU
		{EDDAC884-0CED-4205-84D4-414F40AC4CBA}.Debug|Any CPU.ActiveCfg = Debug|Any CPU
		{EDDAC884-0CED-4205-84D4-414F40AC4CBA}.Debug|Any CPU.Build.0 = Debug|Any CPU
		{EDDAC884-0CED-4205-84D4-414F40AC4CBA}.Release|Any CPU.ActiveCfg = Release|Any CPU
		{EDDAC884-0CED-4205-84D4-414F40AC4CBA}.Release|Any CPU.Build.0 = Release|Any CPU
		{8AB54540-0239-452C-9675-E287F65AAA59}.Debug|Any CPU.ActiveCfg = Debug|Any CPU
		{8AB54540-0239-452C-9675-E287F65AAA59}.Debug|Any CPU.Build.0 = Debug|Any CPU
		{8AB54540-0239-452C-9675-E287F65AAA59}.Release|Any CPU.ActiveCfg = Release|Any CPU
		{8AB54540-0239-452C-9675-E287F65AAA59}.Release|Any CPU.Build.0 = Release|Any CPU
		{6F25B48B-72B9-459F-9E6F-D8EA19B956C9}.Debug|Any CPU.ActiveCfg = Debug|Any CPU
		{6F25B48B-72B9-459F-9E6F-D8EA19B956C9}.Debug|Any CPU.Build.0 = Debug|Any CPU
		{6F25B48B-72B9-459F-9E6F-D8EA19B956C9}.Release|Any CPU.ActiveCfg = Release|Any CPU
		{6F25B48B-72B9-459F-9E6F-D8EA19B956C9}.Release|Any CPU.Build.0 = Release|Any CPU
		{4CBC65F3-20C7-405F-8DEA-E5C44570E0B8}.Debug|Any CPU.ActiveCfg = Debug|Any CPU
		{4CBC65F3-20C7-405F-8DEA-E5C44570E0B8}.Debug|Any CPU.Build.0 = Debug|Any CPU
		{4CBC65F3-20C7-405F-8DEA-E5C44570E0B8}.Release|Any CPU.ActiveCfg = Release|Any CPU
		{4CBC65F3-20C7-405F-8DEA-E5C44570E0B8}.Release|Any CPU.Build.0 = Release|Any CPU
		{F47FD7BA-A2E7-461E-8523-2467BEEC782B}.Debug|Any CPU.ActiveCfg = Debug|Any CPU
		{F47FD7BA-A2E7-461E-8523-2467BEEC782B}.Debug|Any CPU.Build.0 = Debug|Any CPU
		{F47FD7BA-A2E7-461E-8523-2467BEEC782B}.Release|Any CPU.ActiveCfg = Release|Any CPU
		{F47FD7BA-A2E7-461E-8523-2467BEEC782B}.Release|Any CPU.Build.0 = Release|Any CPU
		{90B99F82-1F58-4269-AB60-316F73F68519}.Debug|Any CPU.ActiveCfg = Debug|Any CPU
		{90B99F82-1F58-4269-AB60-316F73F68519}.Debug|Any CPU.Build.0 = Debug|Any CPU
		{90B99F82-1F58-4269-AB60-316F73F68519}.Release|Any CPU.ActiveCfg = Release|Any CPU
		{90B99F82-1F58-4269-AB60-316F73F68519}.Release|Any CPU.Build.0 = Release|Any CPU
		{5EEB9A18-BF62-441B-BAB1-2D922E1CAF75}.Debug|Any CPU.ActiveCfg = Debug|Any CPU
		{5EEB9A18-BF62-441B-BAB1-2D922E1CAF75}.Debug|Any CPU.Build.0 = Debug|Any CPU
		{5EEB9A18-BF62-441B-BAB1-2D922E1CAF75}.Release|Any CPU.ActiveCfg = Release|Any CPU
		{5EEB9A18-BF62-441B-BAB1-2D922E1CAF75}.Release|Any CPU.Build.0 = Release|Any CPU
		{B74DA5E9-8EB0-4346-97AF-1089CA76D625}.Debug|Any CPU.ActiveCfg = Debug|Any CPU
		{B74DA5E9-8EB0-4346-97AF-1089CA76D625}.Debug|Any CPU.Build.0 = Debug|Any CPU
		{B74DA5E9-8EB0-4346-97AF-1089CA76D625}.Release|Any CPU.ActiveCfg = Release|Any CPU
		{B74DA5E9-8EB0-4346-97AF-1089CA76D625}.Release|Any CPU.Build.0 = Release|Any CPU
		{81CB8401-4910-4BCF-BDF7-9B1BA1AEFB69}.Debug|Any CPU.ActiveCfg = Debug|Any CPU
		{81CB8401-4910-4BCF-BDF7-9B1BA1AEFB69}.Debug|Any CPU.Build.0 = Debug|Any CPU
		{81CB8401-4910-4BCF-BDF7-9B1BA1AEFB69}.Release|Any CPU.ActiveCfg = Release|Any CPU
		{81CB8401-4910-4BCF-BDF7-9B1BA1AEFB69}.Release|Any CPU.Build.0 = Release|Any CPU
		{E89B4B2A-8245-4284-A967-D1F24E6FCB4A}.Debug|Any CPU.ActiveCfg = Debug|Any CPU
		{E89B4B2A-8245-4284-A967-D1F24E6FCB4A}.Debug|Any CPU.Build.0 = Debug|Any CPU
		{E89B4B2A-8245-4284-A967-D1F24E6FCB4A}.Release|Any CPU.ActiveCfg = Release|Any CPU
		{E89B4B2A-8245-4284-A967-D1F24E6FCB4A}.Release|Any CPU.Build.0 = Release|Any CPU
		{276F47AE-D8B6-4152-92CF-AF5A74EA415A}.Debug|Any CPU.ActiveCfg = Debug|Any CPU
		{276F47AE-D8B6-4152-92CF-AF5A74EA415A}.Debug|Any CPU.Build.0 = Debug|Any CPU
		{276F47AE-D8B6-4152-92CF-AF5A74EA415A}.Release|Any CPU.ActiveCfg = Release|Any CPU
		{276F47AE-D8B6-4152-92CF-AF5A74EA415A}.Release|Any CPU.Build.0 = Release|Any CPU
		{21A6BDDF-4BB9-46CD-B983-1A2E9CE5105D}.Debug|Any CPU.ActiveCfg = Debug|Any CPU
		{21A6BDDF-4BB9-46CD-B983-1A2E9CE5105D}.Debug|Any CPU.Build.0 = Debug|Any CPU
		{21A6BDDF-4BB9-46CD-B983-1A2E9CE5105D}.Release|Any CPU.ActiveCfg = Release|Any CPU
		{21A6BDDF-4BB9-46CD-B983-1A2E9CE5105D}.Release|Any CPU.Build.0 = Release|Any CPU
		{A0C3D3AF-BD5F-4B6C-AF7C-FD7BC2893C55}.Debug|Any CPU.ActiveCfg = Debug|Any CPU
		{A0C3D3AF-BD5F-4B6C-AF7C-FD7BC2893C55}.Debug|Any CPU.Build.0 = Debug|Any CPU
		{A0C3D3AF-BD5F-4B6C-AF7C-FD7BC2893C55}.Release|Any CPU.ActiveCfg = Release|Any CPU
		{A0C3D3AF-BD5F-4B6C-AF7C-FD7BC2893C55}.Release|Any CPU.Build.0 = Release|Any CPU
		{7A531D49-8468-4C73-8E1C-065E99980655}.Debug|Any CPU.ActiveCfg = Debug|Any CPU
		{7A531D49-8468-4C73-8E1C-065E99980655}.Debug|Any CPU.Build.0 = Debug|Any CPU
		{7A531D49-8468-4C73-8E1C-065E99980655}.Release|Any CPU.ActiveCfg = Release|Any CPU
		{7A531D49-8468-4C73-8E1C-065E99980655}.Release|Any CPU.Build.0 = Release|Any CPU
		{B65FAF0D-B9D3-4EEF-B219-E425F824B351}.Debug|Any CPU.ActiveCfg = Debug|Any CPU
		{B65FAF0D-B9D3-4EEF-B219-E425F824B351}.Debug|Any CPU.Build.0 = Debug|Any CPU
		{B65FAF0D-B9D3-4EEF-B219-E425F824B351}.Release|Any CPU.ActiveCfg = Release|Any CPU
		{B65FAF0D-B9D3-4EEF-B219-E425F824B351}.Release|Any CPU.Build.0 = Release|Any CPU
		{5B1F194D-65F9-4DCB-83A5-DE45D303A09A}.Debug|Any CPU.ActiveCfg = Debug|Any CPU
		{5B1F194D-65F9-4DCB-83A5-DE45D303A09A}.Debug|Any CPU.Build.0 = Debug|Any CPU
		{5B1F194D-65F9-4DCB-83A5-DE45D303A09A}.Release|Any CPU.ActiveCfg = Release|Any CPU
		{5B1F194D-65F9-4DCB-83A5-DE45D303A09A}.Release|Any CPU.Build.0 = Release|Any CPU
	EndGlobalSection
	GlobalSection(SolutionProperties) = preSolution
		HideSolutionNode = FALSE
	EndGlobalSection
	GlobalSection(ExtensibilityGlobals) = postSolution
		SolutionGuid = {D5F99DF5-1D8C-4BD2-8638-7255FFED002E}
	EndGlobalSection
EndGlobal
